{
  "nodes": {
    "dirt-samples-src": {
      "flake": false,
      "locked": {
        "lastModified": 1742324136,
        "narHash": "sha256-OzVvy/L6jfEgGx3dMdhe/PkfMAWVV0HQ9wGy500++fw=",
        "owner": "tidalcycles",
        "repo": "dirt-samples",
        "rev": "c74fc80f8db8038f6a33648ffef5ac00a07ad402",
        "type": "github"
      },
      "original": {
        "owner": "tidalcycles",
        "repo": "dirt-samples",
        "type": "github"
      }
    },
    "nixpkgs": {
      "locked": {
        "lastModified": 1762111121,
        "narHash": "sha256-4vhDuZ7OZaZmKKrnDpxLZZpGIJvAeMtK6FKLJYUtAdw=",
        "owner": "nixos",
        "repo": "nixpkgs",
        "rev": "b3d51a0365f6695e7dd5cdf3e180604530ed33b4",
        "type": "github"
      },
      "original": {
        "owner": "nixos",
        "ref": "nixos-unstable",
        "repo": "nixpkgs",
        "type": "github"
      }
    },
    "root": {
      "inputs": {
        "dirt-samples-src": "dirt-samples-src",
        "nixpkgs": "nixpkgs",
        "superdirt-src": "superdirt-src",
        "tidal-src": "tidal-src",
        "vim-tidal-src": "vim-tidal-src",
        "vowel-src": "vowel-src"
      }
    },
    "superdirt-src": {
      "flake": false,
      "locked": {
        "lastModified": 1760195043,
        "narHash": "sha256-yQqbaUhQiXt4xtn70fO/mDlL2UYDTsrgO3w0rsTdcg8=",
        "owner": "musikinformatik",
        "repo": "superdirt",
        "rev": "6e6779f99062cce67761934e6dcc44c2b68fc56d",
        "type": "github"
      },
      "original": {
        "owner": "musikinformatik",
        "repo": "superdirt",
        "type": "github"
      }
    },
    "tidal-src": {
      "flake": false,
      "locked": {
        "lastModified": 1712519522,
        "narHash": "sha256-LbvxQmVxHElidCgvt+w0g1k+QQbNLebK46vtRCgsLeQ=",
        "owner": "tidalcycles",
        "repo": "tidal",
        "rev": "88f09edf6bef2228d5f530dea872b08a9d803066",
        "type": "github"
      },
      "original": {
        "owner": "tidalcycles",
        "ref": "v1.9.5",
        "repo": "tidal",
        "type": "github"
      }
    },
    "vim-tidal-src": {
      "flake": false,
      "locked": {
        "lastModified": 1685703852,
        "narHash": "sha256-8gyk17YLeKpLpz3LRtxiwbpsIbZka9bb63nK5/9IUoA=",
        "owner": "tidalcycles",
        "repo": "vim-tidal",
        "rev": "e440fe5bdfe07f805e21e6872099685d38e8b761",
        "type": "github"
      },
      "original": {
        "owner": "tidalcycles",
        "repo": "vim-tidal",
        "type": "github"
      }
    },
    "vowel-src": {
      "flake": false,
      "locked": {
        "lastModified": 1641306144,
        "narHash": "sha256-zfF6cvAGDNYWYsE8dOIo38b+dIymd17Pexg0HiPFbxM=",
        "owner": "supercollider-quarks",
        "repo": "vowel",
        "rev": "ab59caa870201ecf2604b3efdd2196e21a8b5446",
        "type": "github"
      },
      "original": {
        "owner": "supercollider-quarks",
        "repo": "vowel",
        "type": "github"
      }
    }
  },
  "root": "root",
  "version": 7
}
